
Microsoft Visual Studio Solution File, Format Version 12.00
Project("{FAE04EC0-301F-11D3-BF4B-00C04F79EFBC}") = "InventoryManagementSystemWeb", "InventoryManagementSystemWeb\InventoryManagementSystemWeb.csproj", "{CCF81F76-CAA8-4CD1-B0C8-3B4614740FAF}"
EndProject
Global
	GlobalSection(SolutionConfigurationPlatforms) = preSolution
		Debug|Any CPU = Debug|Any CPU
		Release|Any CPU = Release|Any CPU
	EndGlobalSection
	GlobalSection(ProjectConfigurationPlatforms) = postSolution
		{CCF81F76-CAA8-4CD1-B0C8-3B4614740FAF}.Debug|Any CPU.ActiveCfg = Debug|Any CPU
		{CCF81F76-CAA8-4CD1-B0C8-3B4614740FAF}.Debug|Any CPU.Build.0 = Debug|Any CPU
		{CCF81F76-CAA8-4CD1-B0C8-3B4614740FAF}.Release|Any CPU.ActiveCfg = Release|Any CPU
		{CCF81F76-CAA8-4CD1-B0C8-3B4614740FAF}.Release|Any CPU.Build.0 = Release|Any CPU
	EndGlobalSection
EndGlobal
